
Microsoft Visual Studio Solution File, Format Version 12.00
Project("{FAE04EC0-301F-11D3-BF4B-00C04F79EFBC}") = "Day1", "Day1\Day1.csproj", "{CBA7E426-FAE2-4137-9315-6E4316E99E77}"
EndProject
Project("{FAE04EC0-301F-11D3-BF4B-00C04F79EFBC}") = "Day2", "..\..\day 02\sanderdc - c#\Day2\Day2.csproj", "{570499C8-B830-4C54-9044-D80DE82FC1DC}"
EndProject
Project("{FAE04EC0-301F-11D3-BF4B-00C04F79EFBC}") = "Day2.Tests", "..\..\day 02\sanderdc - c#\Day2.Tests\Day2.Tests.csproj", "{86149451-F822-4945-8227-EB15FC2BFE39}"
EndProject
Project("{FAE04EC0-301F-11D3-BF4B-00C04F79EFBC}") = "Day3", "..\..\day 03\sanderdc - c#\Day3\Day3.csproj", "{64146B5F-9649-4A14-AEA4-9FBAF45F354C}"
EndProject
Project("{FAE04EC0-301F-11D3-BF4B-00C04F79EFBC}") = "Day3.Tests", "..\..\day 03\sanderdc - c#\Day3.Tests\Day3.Tests.csproj", "{A30F346A-AA3B-4635-B705-B6197C91F861}"
EndProject
Project("{FAE04EC0-301F-11D3-BF4B-00C04F79EFBC}") = "Day4", "..\..\day 04\sanderdc - c#\Day4\Day4.csproj", "{826F6E0B-CF42-42DE-B8F3-E475EB15F2FD}"
EndProject
Project("{FAE04EC0-301F-11D3-BF4B-00C04F79EFBC}") = "Day5", "..\..\day 05\sanderdc - c#\Day5\Day5.csproj", "{A0149166-B382-473B-9E17-30CDA783CFBE}"
EndProject
Project("{FAE04EC0-301F-11D3-BF4B-00C04F79EFBC}") = "Day6", "..\..\day 06\sanderdc - c#\Day6\Day6.csproj", "{F9E2E427-56B8-4E66-B534-370D5D5E4F3A}"
EndProject
Project("{FAE04EC0-301F-11D3-BF4B-00C04F79EFBC}") = "Day7", "..\..\day 07\sanderdc - c#\Day7\Day7.csproj", "{C995A914-C1C3-4A42-927B-E22E062DB595}"
EndProject
Project("{FAE04EC0-301F-11D3-BF4B-00C04F79EFBC}") = "Day8", "..\..\day 08\sanderdc - c#\Day8\Day8.csproj", "{E5435893-00CD-48FA-831B-FCD5929254AC}"
EndProject
Project("{FAE04EC0-301F-11D3-BF4B-00C04F79EFBC}") = "Day9", "..\..\day 09\sanderdc - c#\Day9\Day9.csproj", "{2C254B49-A8E8-4671-8625-ED92BC5BF617}"
EndProject
Project("{FAE04EC0-301F-11D3-BF4B-00C04F79EFBC}") = "Day10", "..\..\day 10\sanderdc - c#\Day10\Day10.csproj", "{C7236AED-923E-47B5-B4B1-7F717E9CA89C}"
EndProject
Project("{FAE04EC0-301F-11D3-BF4B-00C04F79EFBC}") = "Day11", "..\..\day 11\sanderdc - c#\Day11\Day11.csproj", "{5499E5E8-93AE-446D-A5C7-B991A4757FE0}"
EndProject
Project("{FAE04EC0-301F-11D3-BF4B-00C04F79EFBC}") = "Day12", "..\..\day 12\sanderdc - c#\Day12\Day12.csproj", "{822DB6FC-E8CC-49C5-89DD-A12CD5AD4582}"
EndProject
Project("{FAE04EC0-301F-11D3-BF4B-00C04F79EFBC}") = "Day13", "..\..\day 13\sanderdc - c#\Day13\Day13.csproj", "{CB6DE640-97EA-4FD8-8B7B-D8472E6D28A7}"
EndProject
Project("{FAE04EC0-301F-11D3-BF4B-00C04F79EFBC}") = "Day14", "..\..\day 14\sanderdc - c#\Day14\Day14.csproj", "{7DD5442F-B4B6-4321-BE29-1642FAAC0536}"
EndProject
Project("{FAE04EC0-301F-11D3-BF4B-00C04F79EFBC}") = "Day15", "..\..\day 15\sanderdc - c#\Day15\Day15.csproj", "{906BD805-CB76-4C71-B08A-58E3D71E5E06}"
EndProject
Project("{FAE04EC0-301F-11D3-BF4B-00C04F79EFBC}") = "Day16", "..\..\day 16\sanderdc - c#\Day16\Day16.csproj", "{F59D86F7-6303-4F49-A22C-A7263B2264DB}"
EndProject
Project("{FAE04EC0-301F-11D3-BF4B-00C04F79EFBC}") = "Day21", "..\..\day 21\sanderdc - c#\Day21\Day21.csproj", "{7E639CF7-FA4A-44F3-840B-40FCE91D49B5}"
EndProject
Global
	GlobalSection(SolutionConfigurationPlatforms) = preSolution
		Debug|Any CPU = Debug|Any CPU
		Release|Any CPU = Release|Any CPU
	EndGlobalSection
	GlobalSection(ProjectConfigurationPlatforms) = postSolution
		{CBA7E426-FAE2-4137-9315-6E4316E99E77}.Debug|Any CPU.ActiveCfg = Debug|Any CPU
		{CBA7E426-FAE2-4137-9315-6E4316E99E77}.Debug|Any CPU.Build.0 = Debug|Any CPU
		{CBA7E426-FAE2-4137-9315-6E4316E99E77}.Release|Any CPU.ActiveCfg = Release|Any CPU
		{CBA7E426-FAE2-4137-9315-6E4316E99E77}.Release|Any CPU.Build.0 = Release|Any CPU
		{F95F61DA-26BD-4083-8E65-2C4EF1664A5A}.Debug|Any CPU.ActiveCfg = Debug|Any CPU
		{F95F61DA-26BD-4083-8E65-2C4EF1664A5A}.Debug|Any CPU.Build.0 = Debug|Any CPU
		{F95F61DA-26BD-4083-8E65-2C4EF1664A5A}.Release|Any CPU.ActiveCfg = Release|Any CPU
		{F95F61DA-26BD-4083-8E65-2C4EF1664A5A}.Release|Any CPU.Build.0 = Release|Any CPU
		{570499C8-B830-4C54-9044-D80DE82FC1DC}.Debug|Any CPU.ActiveCfg = Debug|Any CPU
		{570499C8-B830-4C54-9044-D80DE82FC1DC}.Debug|Any CPU.Build.0 = Debug|Any CPU
		{570499C8-B830-4C54-9044-D80DE82FC1DC}.Release|Any CPU.ActiveCfg = Release|Any CPU
		{570499C8-B830-4C54-9044-D80DE82FC1DC}.Release|Any CPU.Build.0 = Release|Any CPU
		{86149451-F822-4945-8227-EB15FC2BFE39}.Debug|Any CPU.ActiveCfg = Debug|Any CPU
		{86149451-F822-4945-8227-EB15FC2BFE39}.Debug|Any CPU.Build.0 = Debug|Any CPU
		{86149451-F822-4945-8227-EB15FC2BFE39}.Release|Any CPU.ActiveCfg = Release|Any CPU
		{86149451-F822-4945-8227-EB15FC2BFE39}.Release|Any CPU.Build.0 = Release|Any CPU
		{64146B5F-9649-4A14-AEA4-9FBAF45F354C}.Debug|Any CPU.ActiveCfg = Debug|Any CPU
		{64146B5F-9649-4A14-AEA4-9FBAF45F354C}.Debug|Any CPU.Build.0 = Debug|Any CPU
		{64146B5F-9649-4A14-AEA4-9FBAF45F354C}.Release|Any CPU.ActiveCfg = Release|Any CPU
		{64146B5F-9649-4A14-AEA4-9FBAF45F354C}.Release|Any CPU.Build.0 = Release|Any CPU
		{A30F346A-AA3B-4635-B705-B6197C91F861}.Debug|Any CPU.ActiveCfg = Debug|Any CPU
		{A30F346A-AA3B-4635-B705-B6197C91F861}.Debug|Any CPU.Build.0 = Debug|Any CPU
		{A30F346A-AA3B-4635-B705-B6197C91F861}.Release|Any CPU.ActiveCfg = Release|Any CPU
		{A30F346A-AA3B-4635-B705-B6197C91F861}.Release|Any CPU.Build.0 = Release|Any CPU
		{826F6E0B-CF42-42DE-B8F3-E475EB15F2FD}.Debug|Any CPU.ActiveCfg = Debug|Any CPU
		{826F6E0B-CF42-42DE-B8F3-E475EB15F2FD}.Debug|Any CPU.Build.0 = Debug|Any CPU
		{826F6E0B-CF42-42DE-B8F3-E475EB15F2FD}.Release|Any CPU.ActiveCfg = Release|Any CPU
		{826F6E0B-CF42-42DE-B8F3-E475EB15F2FD}.Release|Any CPU.Build.0 = Release|Any CPU
		{A0149166-B382-473B-9E17-30CDA783CFBE}.Debug|Any CPU.ActiveCfg = Debug|Any CPU
		{A0149166-B382-473B-9E17-30CDA783CFBE}.Debug|Any CPU.Build.0 = Debug|Any CPU
		{A0149166-B382-473B-9E17-30CDA783CFBE}.Release|Any CPU.ActiveCfg = Release|Any CPU
		{A0149166-B382-473B-9E17-30CDA783CFBE}.Release|Any CPU.Build.0 = Release|Any CPU
		{F9E2E427-56B8-4E66-B534-370D5D5E4F3A}.Debug|Any CPU.ActiveCfg = Debug|Any CPU
		{F9E2E427-56B8-4E66-B534-370D5D5E4F3A}.Debug|Any CPU.Build.0 = Debug|Any CPU
		{F9E2E427-56B8-4E66-B534-370D5D5E4F3A}.Release|Any CPU.ActiveCfg = Release|Any CPU
		{F9E2E427-56B8-4E66-B534-370D5D5E4F3A}.Release|Any CPU.Build.0 = Release|Any CPU
		{C995A914-C1C3-4A42-927B-E22E062DB595}.Debug|Any CPU.ActiveCfg = Debug|Any CPU
		{C995A914-C1C3-4A42-927B-E22E062DB595}.Debug|Any CPU.Build.0 = Debug|Any CPU
		{C995A914-C1C3-4A42-927B-E22E062DB595}.Release|Any CPU.ActiveCfg = Release|Any CPU
		{C995A914-C1C3-4A42-927B-E22E062DB595}.Release|Any CPU.Build.0 = Release|Any CPU
		{E5435893-00CD-48FA-831B-FCD5929254AC}.Debug|Any CPU.ActiveCfg = Debug|Any CPU
		{E5435893-00CD-48FA-831B-FCD5929254AC}.Debug|Any CPU.Build.0 = Debug|Any CPU
		{E5435893-00CD-48FA-831B-FCD5929254AC}.Release|Any CPU.ActiveCfg = Release|Any CPU
		{E5435893-00CD-48FA-831B-FCD5929254AC}.Release|Any CPU.Build.0 = Release|Any CPU
		{2C254B49-A8E8-4671-8625-ED92BC5BF617}.Debug|Any CPU.ActiveCfg = Debug|Any CPU
		{2C254B49-A8E8-4671-8625-ED92BC5BF617}.Debug|Any CPU.Build.0 = Debug|Any CPU
		{2C254B49-A8E8-4671-8625-ED92BC5BF617}.Release|Any CPU.ActiveCfg = Release|Any CPU
		{2C254B49-A8E8-4671-8625-ED92BC5BF617}.Release|Any CPU.Build.0 = Release|Any CPU
		{C7236AED-923E-47B5-B4B1-7F717E9CA89C}.Debug|Any CPU.ActiveCfg = Debug|Any CPU
		{C7236AED-923E-47B5-B4B1-7F717E9CA89C}.Debug|Any CPU.Build.0 = Debug|Any CPU
		{C7236AED-923E-47B5-B4B1-7F717E9CA89C}.Release|Any CPU.ActiveCfg = Release|Any CPU
		{C7236AED-923E-47B5-B4B1-7F717E9CA89C}.Release|Any CPU.Build.0 = Release|Any CPU
		{5499E5E8-93AE-446D-A5C7-B991A4757FE0}.Debug|Any CPU.ActiveCfg = Debug|Any CPU
		{5499E5E8-93AE-446D-A5C7-B991A4757FE0}.Debug|Any CPU.Build.0 = Debug|Any CPU
		{5499E5E8-93AE-446D-A5C7-B991A4757FE0}.Release|Any CPU.ActiveCfg = Release|Any CPU
		{5499E5E8-93AE-446D-A5C7-B991A4757FE0}.Release|Any CPU.Build.0 = Release|Any CPU
		{822DB6FC-E8CC-49C5-89DD-A12CD5AD4582}.Debug|Any CPU.ActiveCfg = Debug|Any CPU
		{822DB6FC-E8CC-49C5-89DD-A12CD5AD4582}.Debug|Any CPU.Build.0 = Debug|Any CPU
		{822DB6FC-E8CC-49C5-89DD-A12CD5AD4582}.Release|Any CPU.ActiveCfg = Release|Any CPU
		{822DB6FC-E8CC-49C5-89DD-A12CD5AD4582}.Release|Any CPU.Build.0 = Release|Any CPU
		{CB6DE640-97EA-4FD8-8B7B-D8472E6D28A7}.Debug|Any CPU.ActiveCfg = Debug|Any CPU
		{CB6DE640-97EA-4FD8-8B7B-D8472E6D28A7}.Debug|Any CPU.Build.0 = Debug|Any CPU
		{CB6DE640-97EA-4FD8-8B7B-D8472E6D28A7}.Release|Any CPU.ActiveCfg = Release|Any CPU
		{CB6DE640-97EA-4FD8-8B7B-D8472E6D28A7}.Release|Any CPU.Build.0 = Release|Any CPU
		{7DD5442F-B4B6-4321-BE29-1642FAAC0536}.Debug|Any CPU.ActiveCfg = Debug|Any CPU
		{7DD5442F-B4B6-4321-BE29-1642FAAC0536}.Debug|Any CPU.Build.0 = Debug|Any CPU
		{7DD5442F-B4B6-4321-BE29-1642FAAC0536}.Release|Any CPU.ActiveCfg = Release|Any CPU
		{7DD5442F-B4B6-4321-BE29-1642FAAC0536}.Release|Any CPU.Build.0 = Release|Any CPU
		{906BD805-CB76-4C71-B08A-58E3D71E5E06}.Debug|Any CPU.ActiveCfg = Debug|Any CPU
		{906BD805-CB76-4C71-B08A-58E3D71E5E06}.Debug|Any CPU.Build.0 = Debug|Any CPU
		{906BD805-CB76-4C71-B08A-58E3D71E5E06}.Release|Any CPU.ActiveCfg = Release|Any CPU
		{906BD805-CB76-4C71-B08A-58E3D71E5E06}.Release|Any CPU.Build.0 = Release|Any CPU
		{F59D86F7-6303-4F49-A22C-A7263B2264DB}.Debug|Any CPU.ActiveCfg = Debug|Any CPU
		{F59D86F7-6303-4F49-A22C-A7263B2264DB}.Debug|Any CPU.Build.0 = Debug|Any CPU
		{F59D86F7-6303-4F49-A22C-A7263B2264DB}.Release|Any CPU.ActiveCfg = Release|Any CPU
		{F59D86F7-6303-4F49-A22C-A7263B2264DB}.Release|Any CPU.Build.0 = Release|Any CPU
		{7E639CF7-FA4A-44F3-840B-40FCE91D49B5}.Debug|Any CPU.ActiveCfg = Debug|Any CPU
		{7E639CF7-FA4A-44F3-840B-40FCE91D49B5}.Debug|Any CPU.Build.0 = Debug|Any CPU
		{7E639CF7-FA4A-44F3-840B-40FCE91D49B5}.Release|Any CPU.ActiveCfg = Release|Any CPU
		{7E639CF7-FA4A-44F3-840B-40FCE91D49B5}.Release|Any CPU.Build.0 = Release|Any CPU
	EndGlobalSection
EndGlobal
