
Microsoft Visual Studio Solution File, Format Version 12.00
Project("{FAE04EC0-301F-11D3-BF4B-00C04F79EFBC}") = "Day1", "Day1\Day1.csproj", "{CBA7E426-FAE2-4137-9315-6E4316E99E77}"
EndProject
Project("{FAE04EC0-301F-11D3-BF4B-00C04F79EFBC}") = "Day2", "..\..\day 02\sanderdc - c#\Day2\Day2.csproj", "{570499C8-B830-4C54-9044-D80DE82FC1DC}"
EndProject
Project("{FAE04EC0-301F-11D3-BF4B-00C04F79EFBC}") = "Day2.Tests", "..\..\day 02\sanderdc - c#\Day2.Tests\Day2.Tests.csproj", "{86149451-F822-4945-8227-EB15FC2BFE39}"
EndProject
Project("{FAE04EC0-301F-11D3-BF4B-00C04F79EFBC}") = "Day3", "..\..\day 03\sanderdc - c#\Day3\Day3.csproj", "{64146B5F-9649-4A14-AEA4-9FBAF45F354C}"
EndProject
Project("{FAE04EC0-301F-11D3-BF4B-00C04F79EFBC}") = "Day3.Tests", "..\..\day 03\sanderdc - c#\Day3.Tests\Day3.Tests.csproj", "{A30F346A-AA3B-4635-B705-B6197C91F861}"
EndProject
Project("{FAE04EC0-301F-11D3-BF4B-00C04F79EFBC}") = "Day4", "..\..\day 04\sanderdc - c#\Day4\Day4.csproj", "{826F6E0B-CF42-42DE-B8F3-E475EB15F2FD}"
EndProject
Global
	GlobalSection(SolutionConfigurationPlatforms) = preSolution
		Debug|Any CPU = Debug|Any CPU
		Release|Any CPU = Release|Any CPU
	EndGlobalSection
	GlobalSection(ProjectConfigurationPlatforms) = postSolution
		{CBA7E426-FAE2-4137-9315-6E4316E99E77}.Debug|Any CPU.ActiveCfg = Debug|Any CPU
		{CBA7E426-FAE2-4137-9315-6E4316E99E77}.Debug|Any CPU.Build.0 = Debug|Any CPU
		{CBA7E426-FAE2-4137-9315-6E4316E99E77}.Release|Any CPU.ActiveCfg = Release|Any CPU
		{CBA7E426-FAE2-4137-9315-6E4316E99E77}.Release|Any CPU.Build.0 = Release|Any CPU
		{F95F61DA-26BD-4083-8E65-2C4EF1664A5A}.Debug|Any CPU.ActiveCfg = Debug|Any CPU
		{F95F61DA-26BD-4083-8E65-2C4EF1664A5A}.Debug|Any CPU.Build.0 = Debug|Any CPU
		{F95F61DA-26BD-4083-8E65-2C4EF1664A5A}.Release|Any CPU.ActiveCfg = Release|Any CPU
		{F95F61DA-26BD-4083-8E65-2C4EF1664A5A}.Release|Any CPU.Build.0 = Release|Any CPU
		{570499C8-B830-4C54-9044-D80DE82FC1DC}.Debug|Any CPU.ActiveCfg = Debug|Any CPU
		{570499C8-B830-4C54-9044-D80DE82FC1DC}.Debug|Any CPU.Build.0 = Debug|Any CPU
		{570499C8-B830-4C54-9044-D80DE82FC1DC}.Release|Any CPU.ActiveCfg = Release|Any CPU
		{570499C8-B830-4C54-9044-D80DE82FC1DC}.Release|Any CPU.Build.0 = Release|Any CPU
		{86149451-F822-4945-8227-EB15FC2BFE39}.Debug|Any CPU.ActiveCfg = Debug|Any CPU
		{86149451-F822-4945-8227-EB15FC2BFE39}.Debug|Any CPU.Build.0 = Debug|Any CPU
		{86149451-F822-4945-8227-EB15FC2BFE39}.Release|Any CPU.ActiveCfg = Release|Any CPU
		{86149451-F822-4945-8227-EB15FC2BFE39}.Release|Any CPU.Build.0 = Release|Any CPU
		{64146B5F-9649-4A14-AEA4-9FBAF45F354C}.Debug|Any CPU.ActiveCfg = Debug|Any CPU
		{64146B5F-9649-4A14-AEA4-9FBAF45F354C}.Debug|Any CPU.Build.0 = Debug|Any CPU
		{64146B5F-9649-4A14-AEA4-9FBAF45F354C}.Release|Any CPU.ActiveCfg = Release|Any CPU
		{64146B5F-9649-4A14-AEA4-9FBAF45F354C}.Release|Any CPU.Build.0 = Release|Any CPU
		{A30F346A-AA3B-4635-B705-B6197C91F861}.Debug|Any CPU.ActiveCfg = Debug|Any CPU
		{A30F346A-AA3B-4635-B705-B6197C91F861}.Debug|Any CPU.Build.0 = Debug|Any CPU
		{A30F346A-AA3B-4635-B705-B6197C91F861}.Release|Any CPU.ActiveCfg = Release|Any CPU
		{A30F346A-AA3B-4635-B705-B6197C91F861}.Release|Any CPU.Build.0 = Release|Any CPU
		{826F6E0B-CF42-42DE-B8F3-E475EB15F2FD}.Debug|Any CPU.ActiveCfg = Debug|Any CPU
		{826F6E0B-CF42-42DE-B8F3-E475EB15F2FD}.Debug|Any CPU.Build.0 = Debug|Any CPU
		{826F6E0B-CF42-42DE-B8F3-E475EB15F2FD}.Release|Any CPU.ActiveCfg = Release|Any CPU
		{826F6E0B-CF42-42DE-B8F3-E475EB15F2FD}.Release|Any CPU.Build.0 = Release|Any CPU
	EndGlobalSection
EndGlobal
